// !$*UTF8*$!
{
	archiveVersion = 1;
	classes = {
	};
	objectVersion = 50;
	objects = {

/* Begin PBXBuildFile section */
		DF9488A2260EABDD0029686D /* AppDelegate.swift in Sources */ = {isa = PBXBuildFile; fileRef = DF9488A1260EABDD0029686D /* AppDelegate.swift */; };
		DF9488A4260EABDD0029686D /* SceneDelegate.swift in Sources */ = {isa = PBXBuildFile; fileRef = DF9488A3260EABDD0029686D /* SceneDelegate.swift */; };
		DF9488A6260EABDD0029686D /* MinhasViagensTableViewController.swift in Sources */ = {isa = PBXBuildFile; fileRef = DF9488A5260EABDD0029686D /* MinhasViagensTableViewController.swift */; };
		DF9488A9260EABDD0029686D /* Main.storyboard in Resources */ = {isa = PBXBuildFile; fileRef = DF9488A7260EABDD0029686D /* Main.storyboard */; };
		DF9488AB260EABDF0029686D /* Assets.xcassets in Resources */ = {isa = PBXBuildFile; fileRef = DF9488AA260EABDF0029686D /* Assets.xcassets */; };
		DF9488AE260EABDF0029686D /* LaunchScreen.storyboard in Resources */ = {isa = PBXBuildFile; fileRef = DF9488AC260EABDF0029686D /* LaunchScreen.storyboard */; };
		DF9488B7260EB97A0029686D /* MapViewController.swift in Sources */ = {isa = PBXBuildFile; fileRef = DF9488B6260EB97A0029686D /* MapViewController.swift */; };
		DF9488BB260EBAD50029686D /* Places.swift in Sources */ = {isa = PBXBuildFile; fileRef = DF9488BA260EBAD50029686D /* Places.swift */; };
		DF9488BF260EC29E0029686D /* CoreLocation.framework in Frameworks */ = {isa = PBXBuildFile; fileRef = DF9488BE260EC29E0029686D /* CoreLocation.framework */; };
/* End PBXBuildFile section */

/* Begin PBXFileReference section */
		DF94889E260EABDD0029686D /* Minhas Viagens.app */ = {isa = PBXFileReference; explicitFileType = wrapper.application; includeInIndex = 0; path = "Minhas Viagens.app"; sourceTree = BUILT_PRODUCTS_DIR; };
		DF9488A1260EABDD0029686D /* AppDelegate.swift */ = {isa = PBXFileReference; lastKnownFileType = sourcecode.swift; path = AppDelegate.swift; sourceTree = "<group>"; };
		DF9488A3260EABDD0029686D /* SceneDelegate.swift */ = {isa = PBXFileReference; lastKnownFileType = sourcecode.swift; path = SceneDelegate.swift; sourceTree = "<group>"; };
		DF9488A5260EABDD0029686D /* MinhasViagensTableViewController.swift */ = {isa = PBXFileReference; lastKnownFileType = sourcecode.swift; path = MinhasViagensTableViewController.swift; sourceTree = "<group>"; };
		DF9488A8260EABDD0029686D /* Base */ = {isa = PBXFileReference; lastKnownFileType = file.storyboard; name = Base; path = Base.lproj/Main.storyboard; sourceTree = "<group>"; };
		DF9488AA260EABDF0029686D /* Assets.xcassets */ = {isa = PBXFileReference; lastKnownFileType = folder.assetcatalog; path = Assets.xcassets; sourceTree = "<group>"; };
		DF9488AD260EABDF0029686D /* Base */ = {isa = PBXFileReference; lastKnownFileType = file.storyboard; name = Base; path = Base.lproj/LaunchScreen.storyboard; sourceTree = "<group>"; };
		DF9488AF260EABDF0029686D /* Info.plist */ = {isa = PBXFileReference; lastKnownFileType = text.plist.xml; path = Info.plist; sourceTree = "<group>"; };
		DF9488B6260EB97A0029686D /* MapViewController.swift */ = {isa = PBXFileReference; lastKnownFileType = sourcecode.swift; path = MapViewController.swift; sourceTree = "<group>"; };
		DF9488BA260EBAD50029686D /* Places.swift */ = {isa = PBXFileReference; lastKnownFileType = sourcecode.swift; path = Places.swift; sourceTree = "<group>"; };
		DF9488BE260EC29E0029686D /* CoreLocation.framework */ = {isa = PBXFileReference; lastKnownFileType = wrapper.framework; name = CoreLocation.framework; path = System/Library/Frameworks/CoreLocation.framework; sourceTree = SDKROOT; };
/* End PBXFileReference section */

/* Begin PBXFrameworksBuildPhase section */
		DF94889B260EABDD0029686D /* Frameworks */ = {
			isa = PBXFrameworksBuildPhase;
			buildActionMask = 2147483647;
			files = (
				DF9488BF260EC29E0029686D /* CoreLocation.framework in Frameworks */,
			);
			runOnlyForDeploymentPostprocessing = 0;
		};
/* End PBXFrameworksBuildPhase section */

/* Begin PBXGroup section */
		DF948895260EABDD0029686D = {
			isa = PBXGroup;
			children = (
				DF9488A0260EABDD0029686D /* Minhas Viagens */,
				DF94889F260EABDD0029686D /* Products */,
				DF9488BD260EC29E0029686D /* Frameworks */,
			);
			sourceTree = "<group>";
		};
		DF94889F260EABDD0029686D /* Products */ = {
			isa = PBXGroup;
			children = (
				DF94889E260EABDD0029686D /* Minhas Viagens.app */,
			);
			name = Products;
			sourceTree = "<group>";
		};
		DF9488A0260EABDD0029686D /* Minhas Viagens */ = {
			isa = PBXGroup;
			children = (
				DF9488A1260EABDD0029686D /* AppDelegate.swift */,
				DF9488BA260EBAD50029686D /* Places.swift */,
				DF9488A3260EABDD0029686D /* SceneDelegate.swift */,
				DF9488A5260EABDD0029686D /* MinhasViagensTableViewController.swift */,
				DF9488A7260EABDD0029686D /* Main.storyboard */,
				DF9488AA260EABDF0029686D /* Assets.xcassets */,
				DF9488AC260EABDF0029686D /* LaunchScreen.storyboard */,
				DF9488B6260EB97A0029686D /* MapViewController.swift */,
				DF9488AF260EABDF0029686D /* Info.plist */,
			);
			path = "Minhas Viagens";
			sourceTree = "<group>";
		};
		DF9488BD260EC29E0029686D /* Frameworks */ = {
			isa = PBXGroup;
			children = (
				DF9488BE260EC29E0029686D /* CoreLocation.framework */,
			);
			name = Frameworks;
			sourceTree = "<group>";
		};
/* End PBXGroup section */

/* Begin PBXNativeTarget section */
		DF94889D260EABDD0029686D /* Minhas Viagens */ = {
			isa = PBXNativeTarget;
			buildConfigurationList = DF9488B2260EABDF0029686D /* Build configuration list for PBXNativeTarget "Minhas Viagens" */;
			buildPhases = (
				DF94889A260EABDD0029686D /* Sources */,
				DF94889B260EABDD0029686D /* Frameworks */,
				DF94889C260EABDD0029686D /* Resources */,
			);
			buildRules = (
			);
			dependencies = (
			);
			name = "Minhas Viagens";
			productName = "Minhas Viagens";
			productReference = DF94889E260EABDD0029686D /* Minhas Viagens.app */;
			productType = "com.apple.product-type.application";
		};
/* End PBXNativeTarget section */

/* Begin PBXProject section */
		DF948896260EABDD0029686D /* Project object */ = {
			isa = PBXProject;
			attributes = {
				LastSwiftUpdateCheck = 1240;
				LastUpgradeCheck = 1240;
				TargetAttributes = {
					DF94889D260EABDD0029686D = {
						CreatedOnToolsVersion = 12.4;
					};
				};
			};
			buildConfigurationList = DF948899260EABDD0029686D /* Build configuration list for PBXProject "Minhas Viagens" */;
			compatibilityVersion = "Xcode 9.3";
			developmentRegion = en;
			hasScannedForEncodings = 0;
			knownRegions = (
				en,
				Base,
			);
			mainGroup = DF948895260EABDD0029686D;
			productRefGroup = DF94889F260EABDD0029686D /* Products */;
			projectDirPath = "";
			projectRoot = "";
			targets = (
				DF94889D260EABDD0029686D /* Minhas Viagens */,
			);
		};
/* End PBXProject section */

/* Begin PBXResourcesBuildPhase section */
		DF94889C260EABDD0029686D /* Resources */ = {
			isa = PBXResourcesBuildPhase;
			buildActionMask = 2147483647;
			files = (
				DF9488AE260EABDF0029686D /* LaunchScreen.storyboard in Resources */,
				DF9488AB260EABDF0029686D /* Assets.xcassets in Resources */,
				DF9488A9260EABDD0029686D /* Main.storyboard in Resources */,
			);
			runOnlyForDeploymentPostprocessing = 0;
		};
/* End PBXResourcesBuildPhase section */

/* Begin PBXSourcesBuildPhase section */
		DF94889A260EABDD0029686D /* Sources */ = {
			isa = PBXSourcesBuildPhase;
			buildActionMask = 2147483647;
			files = (
				DF9488BB260EBAD50029686D /* Places.swift in Sources */,
				DF9488A6260EABDD0029686D /* MinhasViagensTableViewController.swift in Sources */,
				DF9488A2260EABDD0029686D /* AppDelegate.swift in Sources */,
				DF9488A4260EABDD0029686D /* SceneDelegate.swift in Sources */,
				DF9488B7260EB97A0029686D /* MapViewController.swift in Sources */,
			);
			runOnlyForDeploymentPostprocessing = 0;
		};
/* End PBXSourcesBuildPhase section */

/* Begin PBXVariantGroup section */
		DF9488A7260EABDD0029686D /* Main.storyboard */ = {
			isa = PBXVariantGroup;
			children = (
				DF9488A8260EABDD0029686D /* Base */,
			);
			name = Main.storyboard;
			sourceTree = "<group>";
		};
		DF9488AC260EABDF0029686D /* LaunchScreen.storyboard */ = {
			isa = PBXVariantGroup;
			children = (
				DF9488AD260EABDF0029686D /* Base */,
			);
			name = LaunchScreen.storyboard;
			sourceTree = "<group>";
		};
/* End PBXVariantGroup section */

/* Begin XCBuildConfiguration section */
		DF9488B0260EABDF0029686D /* Debug */ = {
			isa = XCBuildConfiguration;
			buildSettings = {
				ALWAYS_SEARCH_USER_PATHS = NO;
				CLANG_ANALYZER_NONNULL = YES;
				CLANG_ANALYZER_NUMBER_OBJECT_CONVERSION = YES_AGGRESSIVE;
				CLANG_CXX_LANGUAGE_STANDARD = "gnu++14";
				CLANG_CXX_LIBRARY = "libc++";
				CLANG_ENABLE_MODULES = YES;
				CLANG_ENABLE_OBJC_ARC = YES;
				CLANG_ENABLE_OBJC_WEAK = YES;
				CLANG_WARN_BLOCK_CAPTURE_AUTORELEASING = YES;
				CLANG_WARN_BOOL_CONVERSION = YES;
				CLANG_WARN_COMMA = YES;
				CLANG_WARN_CONSTANT_CONVERSION = YES;
				CLANG_WARN_DEPRECATED_OBJC_IMPLEMENTATIONS = YES;
				CLANG_WARN_DIRECT_OBJC_ISA_USAGE = YES_ERROR;
				CLANG_WARN_DOCUMENTATION_COMMENTS = YES;
				CLANG_WARN_EMPTY_BODY = YES;
				CLANG_WARN_ENUM_CONVERSION = YES;
				CLANG_WARN_INFINITE_RECURSION = YES;
				CLANG_WARN_INT_CONVERSION = YES;
				CLANG_WARN_NON_LITERAL_NULL_CONVERSION = YES;
				CLANG_WARN_OBJC_IMPLICIT_RETAIN_SELF = YES;
				CLANG_WARN_OBJC_LITERAL_CONVERSION = YES;
				CLANG_WARN_OBJC_ROOT_CLASS = YES_ERROR;
				CLANG_WARN_QUOTED_INCLUDE_IN_FRAMEWORK_HEADER = YES;
				CLANG_WARN_RANGE_LOOP_ANALYSIS = YES;
				CLANG_WARN_STRICT_PROTOTYPES = YES;
				CLANG_WARN_SUSPICIOUS_MOVE = YES;
				CLANG_WARN_UNGUARDED_AVAILABILITY = YES_AGGRESSIVE;
				CLANG_WARN_UNREACHABLE_CODE = YES;
				CLANG_WARN__DUPLICATE_METHOD_MATCH = YES;
				COPY_PHASE_STRIP = NO;
				DEBUG_INFORMATION_FORMAT = dwarf;
				ENABLE_STRICT_OBJC_MSGSEND = YES;
				ENABLE_TESTABILITY = YES;
				GCC_C_LANGUAGE_STANDARD = gnu11;
				GCC_DYNAMIC_NO_PIC = NO;
				GCC_NO_COMMON_BLOCKS = YES;
				GCC_OPTIMIZATION_LEVEL = 0;
				GCC_PREPROCESSOR_DEFINITIONS = (
					"DEBUG=1",
					"$(inherited)",
				);
				GCC_WARN_64_TO_32_BIT_CONVERSION = YES;
				GCC_WARN_ABOUT_RETURN_TYPE = YES_ERROR;
				GCC_WARN_UNDECLARED_SELECTOR = YES;
				GCC_WARN_UNINITIALIZED_AUTOS = YES_AGGRESSIVE;
				GCC_WARN_UNUSED_FUNCTION = YES;
				GCC_WARN_UNUSED_VARIABLE = YES;
				IPHONEOS_DEPLOYMENT_TARGET = 14.4;
				MTL_ENABLE_DEBUG_INFO = INCLUDE_SOURCE;
				MTL_FAST_MATH = YES;
				ONLY_ACTIVE_ARCH = YES;
				SDKROOT = iphoneos;
				SWIFT_ACTIVE_COMPILATION_CONDITIONS = DEBUG;
				SWIFT_OPTIMIZATION_LEVEL = "-Onone";
			};
			name = Debug;
		};
		DF9488B1260EABDF0029686D /* Release */ = {
			isa = XCBuildConfiguration;
			buildSettings = {
				ALWAYS_SEARCH_USER_PATHS = NO;
				CLANG_ANALYZER_NONNULL = YES;
				CLANG_ANALYZER_NUMBER_OBJECT_CONVERSION = YES_AGGRESSIVE;
				CLANG_CXX_LANGUAGE_STANDARD = "gnu++14";
				CLANG_CXX_LIBRARY = "libc++";
				CLANG_ENABLE_MODULES = YES;
				CLANG_ENABLE_OBJC_ARC = YES;
				CLANG_ENABLE_OBJC_WEAK = YES;
				CLANG_WARN_BLOCK_CAPTURE_AUTORELEASING = YES;
				CLANG_WARN_BOOL_CONVERSION = YES;
				CLANG_WARN_COMMA = YES;
				CLANG_WARN_CONSTANT_CONVERSION = YES;
				CLANG_WARN_DEPRECATED_OBJC_IMPLEMENTATIONS = YES;
				CLANG_WARN_DIRECT_OBJC_ISA_USAGE = YES_ERROR;
				CLANG_WARN_DOCUMENTATION_COMMENTS = YES;
				CLANG_WARN_EMPTY_BODY = YES;
				CLANG_WARN_ENUM_CONVERSION = YES;
				CLANG_WARN_INFINITE_RECURSION = YES;
				CLANG_WARN_INT_CONVERSION = YES;
				CLANG_WARN_NON_LITERAL_NULL_CONVERSION = YES;
				CLANG_WARN_OBJC_IMPLICIT_RETAIN_SELF = YES;
				CLANG_WARN_OBJC_LITERAL_CONVERSION = YES;
				CLANG_WARN_OBJC_ROOT_CLASS = YES_ERROR;
				CLANG_WARN_QUOTED_INCLUDE_IN_FRAMEWORK_HEADER = YES;
				CLANG_WARN_RANGE_LOOP_ANALYSIS = YES;
				CLANG_WARN_STRICT_PROTOTYPES = YES;
				CLANG_WARN_SUSPICIOUS_MOVE = YES;
				CLANG_WARN_UNGUARDED_AVAILABILITY = YES_AGGRESSIVE;
				CLANG_WARN_UNREACHABLE_CODE = YES;
				CLANG_WARN__DUPLICATE_METHOD_MATCH = YES;
				COPY_PHASE_STRIP = NO;
				DEBUG_INFORMATION_FORMAT = "dwarf-with-dsym";
				ENABLE_NS_ASSERTIONS = NO;
				ENABLE_STRICT_OBJC_MSGSEND = YES;
				GCC_C_LANGUAGE_STANDARD = gnu11;
				GCC_NO_COMMON_BLOCKS = YES;
				GCC_WARN_64_TO_32_BIT_CONVERSION = YES;
				GCC_WARN_ABOUT_RETURN_TYPE = YES_ERROR;
				GCC_WARN_UNDECLARED_SELECTOR = YES;
				GCC_WARN_UNINITIALIZED_AUTOS = YES_AGGRESSIVE;
				GCC_WARN_UNUSED_FUNCTION = YES;
				GCC_WARN_UNUSED_VARIABLE = YES;
				IPHONEOS_DEPLOYMENT_TARGET = 14.4;
				MTL_ENABLE_DEBUG_INFO = NO;
				MTL_FAST_MATH = YES;
				SDKROOT = iphoneos;
				SWIFT_COMPILATION_MODE = wholemodule;
				SWIFT_OPTIMIZATION_LEVEL = "-O";
				VALIDATE_PRODUCT = YES;
			};
			name = Release;
		};
		DF9488B3260EABDF0029686D /* Debug */ = {
			isa = XCBuildConfiguration;
			buildSettings = {
				ASSETCATALOG_COMPILER_APPICON_NAME = AppIcon;
				ASSETCATALOG_COMPILER_GLOBAL_ACCENT_COLOR_NAME = AccentColor;
				CODE_SIGN_STYLE = Automatic;
				DEVELOPMENT_TEAM = 8C9UMVY9L4;
				INFOPLIST_FILE = "Minhas Viagens/Info.plist";
				LD_RUNPATH_SEARCH_PATHS = (
					"$(inherited)",
					"@executable_path/Frameworks",
				);
				PRODUCT_BUNDLE_IDENTIFIER = "caio.teste.Minhas-Viagens";
				PRODUCT_NAME = "$(TARGET_NAME)";
				SWIFT_VERSION = 5.0;
				TARGETED_DEVICE_FAMILY = "1,2";
			};
			name = Debug;
		};
		DF9488B4260EABDF0029686D /* Release */ = {
			isa = XCBuildConfiguration;
			buildSettings = {
				ASSETCATALOG_COMPILER_APPICON_NAME = AppIcon;
				ASSETCATALOG_COMPILER_GLOBAL_ACCENT_COLOR_NAME = AccentColor;
				CODE_SIGN_STYLE = Automatic;
				DEVELOPMENT_TEAM = 8C9UMVY9L4;
				INFOPLIST_FILE = "Minhas Viagens/Info.plist";
				LD_RUNPATH_SEARCH_PATHS = (
					"$(inherited)",
					"@executable_path/Frameworks",
				);
				PRODUCT_BUNDLE_IDENTIFIER = "caio.teste.Minhas-Viagens";
				PRODUCT_NAME = "$(TARGET_NAME)";
				SWIFT_VERSION = 5.0;
				TARGETED_DEVICE_FAMILY = "1,2";
			};
			name = Release;
		};
/* End XCBuildConfiguration section */

/* Begin XCConfigurationList section */
		DF948899260EABDD0029686D /* Build configuration list for PBXProject "Minhas Viagens" */ = {
			isa = XCConfigurationList;
			buildConfigurations = (
				DF9488B0260EABDF0029686D /* Debug */,
				DF9488B1260EABDF0029686D /* Release */,
			);
			defaultConfigurationIsVisible = 0;
			defaultConfigurationName = Release;
		};
		DF9488B2260EABDF0029686D /* Build configuration list for PBXNativeTarget "Minhas Viagens" */ = {
			isa = XCConfigurationList;
			buildConfigurations = (
				DF9488B3260EABDF0029686D /* Debug */,
				DF9488B4260EABDF0029686D /* Release */,
			);
			defaultConfigurationIsVisible = 0;
			defaultConfigurationName = Release;
		};
/* End XCConfigurationList section */
	};
	rootObject = DF948896260EABDD0029686D /* Project object */;
}
